github.com/HugoBlox/hugo-blox-builder v4.8.0+incompatible h1:oMwV/skr0Abv0X6G2sEhqMJpEP08BZtHKcuJDdE6xJE=
github.com/HugoBlox/hugo-blox-builder v4.8.0+incompatible/go.mod h1:3C9hKOYOtf0+znF3c7FXNSOgeORqT8bZyDDH1Y9CW1k=
github.com/HugoBlox/hugo-blox-builder/modules/blox-analytics v0.2.0 h1:eS05pTNTa9pYpRalBTBt7EgcB4XRPnkSyTFfOmB7/Aw=
github.com/HugoBlox/hugo-blox-builder/modules/blox-analytics v0.2.0/go.mod h1:0YQtVvRLCzZOpPmbVNk7WDx8t19/QfRTFO+pwyqQNk8=
github.com/HugoBlox/hugo-blox-builder/modules/blox-core v0.4.1 h1:LAIEtt5FVZVJoKVmZ+rB/M5exoek52ksCEK12HWssIo=
github.com/HugoBlox/hugo-blox-builder/modules/blox-core v0.4.1/go.mod h1:So8+V2U+TNxlXmcpZfdDX0muLh3PdJ7z92h30sv3bZg=
github.com/HugoBlox/hugo-blox-builder/modules/blox-tailwind v0.10.0 h1:LZnRHMenSA0UJqVGKS3Unk+W+y2IDiYRzdCaGueoFzc=
github.com/HugoBlox/hugo-blox-builder/modules/blox-tailwind v0.10.0/go.mod h1:iiKLoehg9IqQd0R4jUfhl+wvJCiXPNgV88A/V8iKSLY=
